
Microsoft Visual Studio Solution File, Format Version 12.00
# Visual Studio Version 16
VisualStudioVersion = 16.0.29519.87
MinimumVisualStudioVersion = 10.0.40219.1
Project("{FAE04EC0-301F-11D3-BF4B-00C04F79EFBC}") = "BoardProject", "BoardProject\BoardProject.csproj", "{3202E5C1-547B-4CAC-82D1-5FD5C342BF60}"
EndProject
Global
	GlobalSection(SolutionConfigurationPlatforms) = preSolution
		Debug|Any CPU = Debug|Any CPU
		Release|Any CPU = Release|Any CPU
	EndGlobalSection
	GlobalSection(ProjectConfigurationPlatforms) = postSolution
		{3202E5C1-547B-4CAC-82D1-5FD5C342BF60}.Debug|Any CPU.ActiveCfg = Debug|Any CPU
		{3202E5C1-547B-4CAC-82D1-5FD5C342BF60}.Debug|Any CPU.Build.0 = Debug|Any CPU
		{3202E5C1-547B-4CAC-82D1-5FD5C342BF60}.Release|Any CPU.ActiveCfg = Release|Any CPU
		{3202E5C1-547B-4CAC-82D1-5FD5C342BF60}.Release|Any CPU.Build.0 = Release|Any CPU
	EndGlobalSection
	GlobalSection(SolutionProperties) = preSolution
		HideSolutionNode = FALSE
	EndGlobalSection
	GlobalSection(ExtensibilityGlobals) = postSolution
		SolutionGuid = {CFF46D53-0C1D-4ED3-A804-4C05C4AEA676}
	EndGlobalSection
EndGlobal
